
Microsoft Visual Studio Solution File, Format Version 12.00
# Visual Studio Version 17
VisualStudioVersion = 17.7.34018.315
MinimumVisualStudioVersion = 10.0.40219.1
Project("{FAE04EC0-301F-11D3-BF4B-00C04F79EFBC}") = "Nlayer.Core", "Nlayer.Core\Nlayer.Core.csproj", "{0CAEB13C-A04E-48B3-B1A8-238B584D340E}"
EndProject
Project("{FAE04EC0-301F-11D3-BF4B-00C04F79EFBC}") = "Nlayer.Repository", "Nlayer.Repository\Nlayer.Repository.csproj", "{8650FE1C-7C08-48BA-8E17-141AC02ACDF1}"
EndProject
Project("{FAE04EC0-301F-11D3-BF4B-00C04F79EFBC}") = "Nlayer.Service", "Nlayer.Service\Nlayer.Service.csproj", "{AB80DD65-5BAC-4477-98CE-734D57B3A6C1}"
EndProject
Project("{FAE04EC0-301F-11D3-BF4B-00C04F79EFBC}") = "Nlayer.API", "Nlayer.API\Nlayer.API.csproj", "{D6B4F7C4-60C7-4777-96F7-228A1319A16E}"
EndProject
Global
	GlobalSection(SolutionConfigurationPlatforms) = preSolution
		Debug|Any CPU = Debug|Any CPU
		Release|Any CPU = Release|Any CPU
	EndGlobalSection
	GlobalSection(ProjectConfigurationPlatforms) = postSolution
		{0CAEB13C-A04E-48B3-B1A8-238B584D340E}.Debug|Any CPU.ActiveCfg = Debug|Any CPU
		{0CAEB13C-A04E-48B3-B1A8-238B584D340E}.Debug|Any CPU.Build.0 = Debug|Any CPU
		{0CAEB13C-A04E-48B3-B1A8-238B584D340E}.Release|Any CPU.ActiveCfg = Release|Any CPU
		{0CAEB13C-A04E-48B3-B1A8-238B584D340E}.Release|Any CPU.Build.0 = Release|Any CPU
		{8650FE1C-7C08-48BA-8E17-141AC02ACDF1}.Debug|Any CPU.ActiveCfg = Debug|Any CPU
		{8650FE1C-7C08-48BA-8E17-141AC02ACDF1}.Debug|Any CPU.Build.0 = Debug|Any CPU
		{8650FE1C-7C08-48BA-8E17-141AC02ACDF1}.Release|Any CPU.ActiveCfg = Release|Any CPU
		{8650FE1C-7C08-48BA-8E17-141AC02ACDF1}.Release|Any CPU.Build.0 = Release|Any CPU
		{AB80DD65-5BAC-4477-98CE-734D57B3A6C1}.Debug|Any CPU.ActiveCfg = Debug|Any CPU
		{AB80DD65-5BAC-4477-98CE-734D57B3A6C1}.Debug|Any CPU.Build.0 = Debug|Any CPU
		{AB80DD65-5BAC-4477-98CE-734D57B3A6C1}.Release|Any CPU.ActiveCfg = Release|Any CPU
		{AB80DD65-5BAC-4477-98CE-734D57B3A6C1}.Release|Any CPU.Build.0 = Release|Any CPU
		{D6B4F7C4-60C7-4777-96F7-228A1319A16E}.Debug|Any CPU.ActiveCfg = Debug|Any CPU
		{D6B4F7C4-60C7-4777-96F7-228A1319A16E}.Debug|Any CPU.Build.0 = Debug|Any CPU
		{D6B4F7C4-60C7-4777-96F7-228A1319A16E}.Release|Any CPU.ActiveCfg = Release|Any CPU
		{D6B4F7C4-60C7-4777-96F7-228A1319A16E}.Release|Any CPU.Build.0 = Release|Any CPU
	EndGlobalSection
	GlobalSection(SolutionProperties) = preSolution
		HideSolutionNode = FALSE
	EndGlobalSection
	GlobalSection(ExtensibilityGlobals) = postSolution
		SolutionGuid = {C0A560CC-CF1D-4D48-9596-3C6658E139F7}
	EndGlobalSection
EndGlobal
